dependencies:
  espressif/esp_websocket_client:
    component_hash: ac62982fcf9b266409c2299d2b6b1844122105b35163a3b7f8d0adaa9f7eb989
    dependencies:
    - name: idf
      require: private
      version: '>=5.0'
    source:
      registry_url: https://components.espressif.com/
      type: service
    version: 1.5.0
  idf:
    source:
      type: idf
    version: 5.3.2
direct_dependencies:
- espressif/esp_websocket_client
- idf
manifest_hash: d1548eda72471e186a79a6ea8a4fca90e86f82fecefb650cced598d547c8d849
target: esp32s3
version: 2.0.0
